// !$*UTF8*$!
{
	archiveVersion = 1;
	classes = {
	};
	objectVersion = 46;
	objects = {

/* Begin PBXBuildFile section */
		2424BF2C1607437C0000B539 /* XYPieChart.m in Sources */ = {isa = PBXBuildFile; fileRef = 2424BF2B1607437C0000B539 /* XYPieChart.m */; };
		8768825C1501D2A60097BE69 /* icon.png in Resources */ = {isa = PBXBuildFile; fileRef = 8768825B1501D2A60097BE69 /* icon.png */; };
		87FEAA1C14F84E3000ED38A2 /* UIKit.framework in Frameworks */ = {isa = PBXBuildFile; fileRef = 87FEAA1B14F84E3000ED38A2 /* UIKit.framework */; };
		87FEAA1E14F84E3000ED38A2 /* Foundation.framework in Frameworks */ = {isa = PBXBuildFile; fileRef = 87FEAA1D14F84E3000ED38A2 /* Foundation.framework */; };
		87FEAA2014F84E3000ED38A2 /* CoreGraphics.framework in Frameworks */ = {isa = PBXBuildFile; fileRef = 87FEAA1F14F84E3000ED38A2 /* CoreGraphics.framework */; };
		87FEAA2614F84E3100ED38A2 /* InfoPlist.strings in Resources */ = {isa = PBXBuildFile; fileRef = 87FEAA2414F84E3100ED38A2 /* InfoPlist.strings */; };
		87FEAA2814F84E3100ED38A2 /* main.m in Sources */ = {isa = PBXBuildFile; fileRef = 87FEAA2714F84E3100ED38A2 /* main.m */; };
		87FEAA2C14F84E3100ED38A2 /* AppDelegate.m in Sources */ = {isa = PBXBuildFile; fileRef = 87FEAA2B14F84E3100ED38A2 /* AppDelegate.m */; };
		87FEAA2F14F84E3100ED38A2 /* ViewController.m in Sources */ = {isa = PBXBuildFile; fileRef = 87FEAA2E14F84E3100ED38A2 /* ViewController.m */; };
		87FEAA3214F84E3100ED38A2 /* ViewController.xib in Resources */ = {isa = PBXBuildFile; fileRef = 87FEAA3014F84E3100ED38A2 /* ViewController.xib */; };
		87FEAA3C14FAC66D00ED38A2 /* QuartzCore.framework in Frameworks */ = {isa = PBXBuildFile; fileRef = 87FEAA3B14FAC66D00ED38A2 /* QuartzCore.framework */; };
/* End PBXBuildFile section */

/* Begin PBXFileReference section */
		2424BF2A1607437C0000B539 /* XYPieChart.h */ = {isa = PBXFileReference; fileEncoding = 4; lastKnownFileType = sourcecode.c.h; name = XYPieChart.h; path = ../../XYPieChart/XYPieChart.h; sourceTree = "<group>"; };
		2424BF2B1607437C0000B539 /* XYPieChart.m */ = {isa = PBXFileReference; fileEncoding = 4; lastKnownFileType = sourcecode.c.objc; name = XYPieChart.m; path = ../../XYPieChart/XYPieChart.m; sourceTree = "<group>"; };
		8768825B1501D2A60097BE69 /* icon.png */ = {isa = PBXFileReference; lastKnownFileType = image.png; path = icon.png; sourceTree = "<group>"; };
		87FEAA1714F84E3000ED38A2 /* XYPieChart.app */ = {isa = PBXFileReference; explicitFileType = wrapper.application; includeInIndex = 0; path = XYPieChart.app; sourceTree = BUILT_PRODUCTS_DIR; };
		87FEAA1B14F84E3000ED38A2 /* UIKit.framework */ = {isa = PBXFileReference; lastKnownFileType = wrapper.framework; name = UIKit.framework; path = System/Library/Frameworks/UIKit.framework; sourceTree = SDKROOT; };
		87FEAA1D14F84E3000ED38A2 /* Foundation.framework */ = {isa = PBXFileReference; lastKnownFileType = wrapper.framework; name = Foundation.framework; path = System/Library/Frameworks/Foundation.framework; sourceTree = SDKROOT; };
		87FEAA1F14F84E3000ED38A2 /* CoreGraphics.framework */ = {isa = PBXFileReference; lastKnownFileType = wrapper.framework; name = CoreGraphics.framework; path = System/Library/Frameworks/CoreGraphics.framework; sourceTree = SDKROOT; };
		87FEAA2314F84E3100ED38A2 /* XYPieChart-Info.plist */ = {isa = PBXFileReference; lastKnownFileType = text.plist.xml; path = "XYPieChart-Info.plist"; sourceTree = "<group>"; };
		87FEAA2514F84E3100ED38A2 /* en */ = {isa = PBXFileReference; lastKnownFileType = text.plist.strings; name = en; path = en.lproj/InfoPlist.strings; sourceTree = "<group>"; };
		87FEAA2714F84E3100ED38A2 /* main.m */ = {isa = PBXFileReference; lastKnownFileType = sourcecode.c.objc; path = main.m; sourceTree = "<group>"; };
		87FEAA2914F84E3100ED38A2 /* XYPieChart-Prefix.pch */ = {isa = PBXFileReference; lastKnownFileType = sourcecode.c.h; path = "XYPieChart-Prefix.pch"; sourceTree = "<group>"; };
		87FEAA2A14F84E3100ED38A2 /* AppDelegate.h */ = {isa = PBXFileReference; lastKnownFileType = sourcecode.c.h; path = AppDelegate.h; sourceTree = "<group>"; };
		87FEAA2B14F84E3100ED38A2 /* AppDelegate.m */ = {isa = PBXFileReference; lastKnownFileType = sourcecode.c.objc; path = AppDelegate.m; sourceTree = "<group>"; };
		87FEAA2D14F84E3100ED38A2 /* ViewController.h */ = {isa = PBXFileReference; lastKnownFileType = sourcecode.c.h; path = ViewController.h; sourceTree = "<group>"; };
		87FEAA2E14F84E3100ED38A2 /* ViewController.m */ = {isa = PBXFileReference; lastKnownFileType = sourcecode.c.objc; path = ViewController.m; sourceTree = "<group>"; };
		87FEAA3114F84E3100ED38A2 /* en */ = {isa = PBXFileReference; lastKnownFileType = file.xib; name = en; path = en.lproj/ViewController.xib; sourceTree = "<group>"; };
		87FEAA3B14FAC66D00ED38A2 /* QuartzCore.framework */ = {isa = PBXFileReference; lastKnownFileType = wrapper.framework; name = QuartzCore.framework; path = System/Library/Frameworks/QuartzCore.framework; sourceTree = SDKROOT; };
/* End PBXFileReference section */

/* Begin PBXFrameworksBuildPhase section */
		87FEAA1414F84E3000ED38A2 /* Frameworks */ = {
			isa = PBXFrameworksBuildPhase;
			buildActionMask = 2147483647;
			files = (
				87FEAA3C14FAC66D00ED38A2 /* QuartzCore.framework in Frameworks */,
				87FEAA1C14F84E3000ED38A2 /* UIKit.framework in Frameworks */,
				87FEAA1E14F84E3000ED38A2 /* Foundation.framework in Frameworks */,
				87FEAA2014F84E3000ED38A2 /* CoreGraphics.framework in Frameworks */,
			);
			runOnlyForDeploymentPostprocessing = 0;
		};
/* End PBXFrameworksBuildPhase section */

/* Begin PBXGroup section */
		87FEAA0C14F84E3000ED38A2 = {
			isa = PBXGroup;
			children = (
				8768825B1501D2A60097BE69 /* icon.png */,
				87FEAA2114F84E3000ED38A2 /* XYPieChart */,
				87FEAA1A14F84E3000ED38A2 /* Frameworks */,
				87FEAA1814F84E3000ED38A2 /* Products */,
			);
			sourceTree = "<group>";
		};
		87FEAA1814F84E3000ED38A2 /* Products */ = {
			isa = PBXGroup;
			children = (
				87FEAA1714F84E3000ED38A2 /* XYPieChart.app */,
			);
			name = Products;
			sourceTree = "<group>";
		};
		87FEAA1A14F84E3000ED38A2 /* Frameworks */ = {
			isa = PBXGroup;
			children = (
				87FEAA3B14FAC66D00ED38A2 /* QuartzCore.framework */,
				87FEAA1B14F84E3000ED38A2 /* UIKit.framework */,
				87FEAA1D14F84E3000ED38A2 /* Foundation.framework */,
				87FEAA1F14F84E3000ED38A2 /* CoreGraphics.framework */,
			);
			name = Frameworks;
			sourceTree = "<group>";
		};
		87FEAA2114F84E3000ED38A2 /* XYPieChart */ = {
			isa = PBXGroup;
			children = (
				2424BF2A1607437C0000B539 /* XYPieChart.h */,
				2424BF2B1607437C0000B539 /* XYPieChart.m */,
				87FEAA2D14F84E3100ED38A2 /* ViewController.h */,
				87FEAA2E14F84E3100ED38A2 /* ViewController.m */,
				87FEAA3014F84E3100ED38A2 /* ViewController.xib */,
				87FEAA2214F84E3100ED38A2 /* Supporting Files */,
			);
			path = XYPieChart;
			sourceTree = "<group>";
		};
		87FEAA2214F84E3100ED38A2 /* Supporting Files */ = {
			isa = PBXGroup;
			children = (
				87FEAA2A14F84E3100ED38A2 /* AppDelegate.h */,
				87FEAA2B14F84E3100ED38A2 /* AppDelegate.m */,
				87FEAA2314F84E3100ED38A2 /* XYPieChart-Info.plist */,
				87FEAA2414F84E3100ED38A2 /* InfoPlist.strings */,
				87FEAA2714F84E3100ED38A2 /* main.m */,
				87FEAA2914F84E3100ED38A2 /* XYPieChart-Prefix.pch */,
			);
			name = "Supporting Files";
			sourceTree = "<group>";
		};
/* End PBXGroup section */

/* Begin PBXNativeTarget section */
		87FEAA1614F84E3000ED38A2 /* XYPieChart */ = {
			isa = PBXNativeTarget;
			buildConfigurationList = 87FEAA3514F84E3100ED38A2 /* Build configuration list for PBXNativeTarget "XYPieChart" */;
			buildPhases = (
				87FEAA1314F84E3000ED38A2 /* Sources */,
				87FEAA1414F84E3000ED38A2 /* Frameworks */,
				87FEAA1514F84E3000ED38A2 /* Resources */,
			);
			buildRules = (
			);
			dependencies = (
			);
			name = XYPieChart;
			productName = XYPieChart;
			productReference = 87FEAA1714F84E3000ED38A2 /* XYPieChart.app */;
			productType = "com.apple.product-type.application";
		};
/* End PBXNativeTarget section */

/* Begin PBXProject section */
		87FEAA0E14F84E3000ED38A2 /* Project object */ = {
			isa = PBXProject;
			attributes = {
				LastUpgradeCheck = 0420;
				ORGANIZATIONNAME = "Xiaoyang Feng";
			};
			buildConfigurationList = 87FEAA1114F84E3000ED38A2 /* Build configuration list for PBXProject "XYPieChart" */;
			compatibilityVersion = "Xcode 3.2";
			developmentRegion = English;
			hasScannedForEncodings = 0;
			knownRegions = (
				en,
			);
			mainGroup = 87FEAA0C14F84E3000ED38A2;
			productRefGroup = 87FEAA1814F84E3000ED38A2 /* Products */;
			projectDirPath = "";
			projectRoot = "";
			targets = (
				87FEAA1614F84E3000ED38A2 /* XYPieChart */,
			);
		};
/* End PBXProject section */

/* Begin PBXResourcesBuildPhase section */
		87FEAA1514F84E3000ED38A2 /* Resources */ = {
			isa = PBXResourcesBuildPhase;
			buildActionMask = 2147483647;
			files = (
				87FEAA2614F84E3100ED38A2 /* InfoPlist.strings in Resources */,
				87FEAA3214F84E3100ED38A2 /* ViewController.xib in Resources */,
				8768825C1501D2A60097BE69 /* icon.png in Resources */,
			);
			runOnlyForDeploymentPostprocessing = 0;
		};
/* End PBXResourcesBuildPhase section */

/* Begin PBXSourcesBuildPhase section */
		87FEAA1314F84E3000ED38A2 /* Sources */ = {
			isa = PBXSourcesBuildPhase;
			buildActionMask = 2147483647;
			files = (
				87FEAA2814F84E3100ED38A2 /* main.m in Sources */,
				87FEAA2C14F84E3100ED38A2 /* AppDelegate.m in Sources */,
				87FEAA2F14F84E3100ED38A2 /* ViewController.m in Sources */,
				2424BF2C1607437C0000B539 /* XYPieChart.m in Sources */,
			);
			runOnlyForDeploymentPostprocessing = 0;
		};
/* End PBXSourcesBuildPhase section */

/* Begin PBXVariantGroup section */
		87FEAA2414F84E3100ED38A2 /* InfoPlist.strings */ = {
			isa = PBXVariantGroup;
			children = (
				87FEAA2514F84E3100ED38A2 /* en */,
			);
			name = InfoPlist.strings;
			sourceTree = "<group>";
		};
		87FEAA3014F84E3100ED38A2 /* ViewController.xib */ = {
			isa = PBXVariantGroup;
			children = (
				87FEAA3114F84E3100ED38A2 /* en */,
			);
			name = ViewController.xib;
			sourceTree = "<group>";
		};
/* End PBXVariantGroup section */

/* Begin XCBuildConfiguration section */
		87FEAA3314F84E3100ED38A2 /* Debug */ = {
			isa = XCBuildConfiguration;
			buildSettings = {
				ALWAYS_SEARCH_USER_PATHS = NO;
				ARCHS = "$(ARCHS_STANDARD_32_BIT)";
				CLANG_ENABLE_OBJC_ARC = YES;
				CODE_SIGN_IDENTITY = "iPhone Developer";
				"CODE_SIGN_IDENTITY[sdk=iphoneos*]" = "iPhone Developer";
				COPY_PHASE_STRIP = NO;
				GCC_C_LANGUAGE_STANDARD = gnu99;
				GCC_DYNAMIC_NO_PIC = NO;
				GCC_OPTIMIZATION_LEVEL = 0;
				GCC_PREPROCESSOR_DEFINITIONS = (
					"DEBUG=1",
					"$(inherited)",
				);
				GCC_SYMBOLS_PRIVATE_EXTERN = NO;
				GCC_VERSION = com.apple.compilers.llvm.clang.1_0;
				GCC_WARN_ABOUT_MISSING_PROTOTYPES = YES;
				GCC_WARN_ABOUT_RETURN_TYPE = YES;
				GCC_WARN_UNUSED_VARIABLE = YES;
				IPHONEOS_DEPLOYMENT_TARGET = 5.0;
				PROVISIONING_PROFILE = "";
				SDKROOT = iphoneos;
				TARGETED_DEVICE_FAMILY = 2;
			};
			name = Debug;
		};
		87FEAA3414F84E3100ED38A2 /* Release */ = {
			isa = XCBuildConfiguration;
			buildSettings = {
				ALWAYS_SEARCH_USER_PATHS = NO;
				ARCHS = "$(ARCHS_STANDARD_32_BIT)";
				CLANG_ENABLE_OBJC_ARC = YES;
				"CODE_SIGN_IDENTITY[sdk=iphoneos*]" = "";
				COPY_PHASE_STRIP = YES;
				GCC_C_LANGUAGE_STANDARD = gnu99;
				GCC_VERSION = com.apple.compilers.llvm.clang.1_0;
				GCC_WARN_ABOUT_MISSING_PROTOTYPES = YES;
				GCC_WARN_ABOUT_RETURN_TYPE = YES;
				GCC_WARN_UNUSED_VARIABLE = YES;
				IPHONEOS_DEPLOYMENT_TARGET = 5.0;
				OTHER_CFLAGS = "-DNS_BLOCK_ASSERTIONS=1";
				SDKROOT = iphoneos;
				TARGETED_DEVICE_FAMILY = 2;
				VALIDATE_PRODUCT = YES;
			};
			name = Release;
		};
		87FEAA3614F84E3100ED38A2 /* Debug */ = {
			isa = XCBuildConfiguration;
			buildSettings = {
				GCC_PRECOMPILE_PREFIX_HEADER = YES;
				GCC_PREFIX_HEADER = "XYPieChart/XYPieChart-Prefix.pch";
				INFOPLIST_FILE = "XYPieChart/XYPieChart-Info.plist";
				PRODUCT_NAME = "$(TARGET_NAME)";
				WRAPPER_EXTENSION = app;
			};
			name = Debug;
		};
		87FEAA3714F84E3100ED38A2 /* Release */ = {
			isa = XCBuildConfiguration;
			buildSettings = {
				GCC_PRECOMPILE_PREFIX_HEADER = YES;
				GCC_PREFIX_HEADER = "XYPieChart/XYPieChart-Prefix.pch";
				INFOPLIST_FILE = "XYPieChart/XYPieChart-Info.plist";
				PRODUCT_NAME = "$(TARGET_NAME)";
				WRAPPER_EXTENSION = app;
			};
			name = Release;
		};
/* End XCBuildConfiguration section */

/* Begin XCConfigurationList section */
		87FEAA1114F84E3000ED38A2 /* Build configuration list for PBXProject "XYPieChart" */ = {
			isa = XCConfigurationList;
			buildConfigurations = (
				87FEAA3314F84E3100ED38A2 /* Debug */,
				87FEAA3414F84E3100ED38A2 /* Release */,
			);
			defaultConfigurationIsVisible = 0;
			defaultConfigurationName = Release;
		};
		87FEAA3514F84E3100ED38A2 /* Build configuration list for PBXNativeTarget "XYPieChart" */ = {
			isa = XCConfigurationList;
			buildConfigurations = (
				87FEAA3614F84E3100ED38A2 /* Debug */,
				87FEAA3714F84E3100ED38A2 /* Release */,
			);
			defaultConfigurationIsVisible = 0;
			defaultConfigurationName = Release;
		};
/* End XCConfigurationList section */
	};
	rootObject = 87FEAA0E14F84E3000ED38A2 /* Project object */;
}
